
Microsoft Visual Studio Solution File, Format Version 12.00
# Visual Studio 15
VisualStudioVersion = 15.0.28307.779
MinimumVisualStudioVersion = 10.0.40219.1
Project("{FAE04EC0-301F-11D3-BF4B-00C04F79EFBC}") = "TrackCAPD", "TrackCAPD\TrackCAPD.csproj", "{E082F7CB-58AE-4870-A268-B56BF6E86FB8}"
EndProject
Global
	GlobalSection(SolutionConfigurationPlatforms) = preSolution
		Debug|Any CPU = Debug|Any CPU
		Release|Any CPU = Release|Any CPU
	EndGlobalSection
	GlobalSection(ProjectConfigurationPlatforms) = postSolution
		{E082F7CB-58AE-4870-A268-B56BF6E86FB8}.Debug|Any CPU.ActiveCfg = Debug|Any CPU
		{E082F7CB-58AE-4870-A268-B56BF6E86FB8}.Debug|Any CPU.Build.0 = Debug|Any CPU
		{E082F7CB-58AE-4870-A268-B56BF6E86FB8}.Release|Any CPU.ActiveCfg = Release|Any CPU
		{E082F7CB-58AE-4870-A268-B56BF6E86FB8}.Release|Any CPU.Build.0 = Release|Any CPU
	EndGlobalSection
	GlobalSection(SolutionProperties) = preSolution
		HideSolutionNode = FALSE
	EndGlobalSection
	GlobalSection(ExtensibilityGlobals) = postSolution
		SolutionGuid = {FAD9B8A0-C2F0-4BAD-8AE3-0C02663A2A0A}
	EndGlobalSection
EndGlobal
